{
    "_readme": [
        "This file locks the dependencies of your project to a known state",
        "Read more about it at https://getcomposer.org/doc/01-basic-usage.md#installing-dependencies",
        "This file is @generated automatically"
    ],
    "content-hash": "ef325e822ee51a58e82c055afb6fd1fb",
    "packages": [
        {
            "name": "spatie/schema-org",
            "version": "2.3.0",
            "source": {
                "type": "git",
                "url": "https://github.com/spatie/schema-org.git",
                "reference": "ad8d92d7f76efa589f4c01a4c2df420cd6942ee2"
            },
            "dist": {
                "type": "zip",
                "url": "https://api.github.com/repos/spatie/schema-org/zipball/ad8d92d7f76efa589f4c01a4c2df420cd6942ee2",
                "reference": "ad8d92d7f76efa589f4c01a4c2df420cd6942ee2",
                "shasum": ""
            },
            "require": {
                "ext-json": "*",
                "php": "^7.0"
            },
            "require-dev": {
                "graham-campbell/analyzer": "^2.1.1",
                "league/flysystem": "^1.0",
                "phpunit/phpunit": "^6.0|^7.0|^8.0",
                "scrutinizer/ocular": "^1.5",
                "symfony/console": "^3.2",
                "symfony/css-selector": "^3.2",
                "symfony/dom-crawler": "^3.2",
                "twig/twig": "^1.28"
            },
            "type": "library",
            "autoload": {
                "psr-4": {
                    "Spatie\\SchemaOrg\\": "src"
                }
            },
            "notification-url": "https://packagist.org/downloads/",
            "license": [
                "MIT"
            ],
            "authors": [
                {
                    "name": "Sebastian De Deyne",
                    "role": "Developer",
                    "email": "sebastian@spatie.be",
                    "homepage": "https://spatie.be"
                },
                {
                    "name": "Tom Witkowski",
                    "role": "Developer",
                    "email": "dev.gummibeer@gmail.com",
                    "homepage": "https://gummibeer.de"
                }
            ],
            "description": "A fluent builder Schema.org types and ld+json generator",
            "homepage": "https://github.com/spatie/schema-org",
            "keywords": [
                "schema-org",
                "spatie"
            ],
            "time": "2019-08-07T15:26:54+00:00"
        }
    ],
    "packages-dev": [],
    "aliases": [],
    "minimum-stability": "stable",
    "stability-flags": [],
    "prefer-stable": false,
    "prefer-lowest": false,
    "platform": [],
    "platform-dev": []
}
